
Microsoft Visual Studio Solution File, Format Version 12.00
# Visual Studio Version 17
VisualStudioVersion = 17.0.32014.148
MinimumVisualStudioVersion = 10.0.40219.1
Project("{FAE04EC0-301F-11D3-BF4B-00C04F79EFBC}") = "clinikpezeshki", "clinikpezeshki\clinikpezeshki.csproj", "{F9891945-4EDC-448E-80BE-03A0E639C2C7}"
EndProject
Global
	GlobalSection(SolutionConfigurationPlatforms) = preSolution
		Debug|Any CPU = Debug|Any CPU
		Release|Any CPU = Release|Any CPU
	EndGlobalSection
	GlobalSection(ProjectConfigurationPlatforms) = postSolution
		{F9891945-4EDC-448E-80BE-03A0E639C2C7}.Debug|Any CPU.ActiveCfg = Debug|Any CPU
		{F9891945-4EDC-448E-80BE-03A0E639C2C7}.Debug|Any CPU.Build.0 = Debug|Any CPU
		{F9891945-4EDC-448E-80BE-03A0E639C2C7}.Release|Any CPU.ActiveCfg = Release|Any CPU
		{F9891945-4EDC-448E-80BE-03A0E639C2C7}.Release|Any CPU.Build.0 = Release|Any CPU
	EndGlobalSection
	GlobalSection(SolutionProperties) = preSolution
		HideSolutionNode = FALSE
	EndGlobalSection
	GlobalSection(ExtensibilityGlobals) = postSolution
		SolutionGuid = {E3241B34-2D58-465F-9B49-1ACC47CD12D9}
	EndGlobalSection
EndGlobal
